{
  "requires": true,
  "lockfileVersion": 1,
  "dependencies": {
    "@babel/runtime": {
      "version": "7.12.5",
      "resolved": "https://registry.npmjs.org/@babel/runtime/-/runtime-7.12.5.tgz",
      "integrity": "sha512-plcc+hbExy3McchJCEQG3knOsuh3HH+Prx1P6cLIkET/0dLuQDEnrT+s27Axgc9bqfsmNUNHfscgMUdBpC9xfg==",
      "requires": {
        "regenerator-runtime": "^0.13.4"
      }
    },
    "domelementtype": {
      "version": "1.3.1",
      "resolved": "https://registry.npmjs.org/domelementtype/-/domelementtype-1.3.1.tgz",
      "integrity": "sha512-BSKB+TSpMpFI/HOxCNr1O8aMOTZ8hT3pM3GQ0w/mWRmkhEDSFJkkyzz4XQsBV44BChwGkrDfMyjVD0eA2aFV3w=="
    },
    "domhandler": {
      "version": "2.4.2",
      "resolved": "https://registry.npmjs.org/domhandler/-/domhandler-2.4.2.tgz",
      "integrity": "sha512-JiK04h0Ht5u/80fdLMCEmV4zkNh2BcoMFBmZ/91WtYZ8qVXSKjiw7fXMgFPnHcSZgOo3XdinHvmnDUeMf5R4wA==",
      "requires": {
        "domelementtype": "1"
      }
    },
    "entities": {
      "version": "1.1.2",
      "resolved": "https://registry.npmjs.org/entities/-/entities-1.1.2.tgz",
      "integrity": "sha512-f2LZMYl1Fzu7YSBKg+RoROelpOaNrcGmE9AZubeDfrCEia483oW4MI4VyFd5VNHIgQ/7qm1I0wUHK1eJnn2y2w=="
    },
    "events": {
      "version": "3.2.0",
      "resolved": "https://registry.npmjs.org/events/-/events-3.2.0.tgz",
      "integrity": "sha512-/46HWwbfCX2xTawVfkKLGxMifJYQBWMwY1mjywRtb4c9x8l5NP3KoJtnIOiL1hfdRkIuYhETxQlo62IF8tcnlg=="
    },
    "mashi-open-snippets": {
      "version": "0.0.9",
      "resolved": "https://registry.npmjs.org/mashi-open-snippets/-/mashi-open-snippets-0.0.9.tgz",
      "integrity": "sha512-HRpY6p3X098+MzgoSEzgr0PlX9NG8j0wIsrnHXCTtMzYB0qFIBQKrQUu32SuQUwzXrbPsTvOhrsqhtQJO3V27A==",
      "requires": {
        "mini-ali-ui": "^1.0.8",
        "mini-antui": "^0.4.35",
        "mini-html-parser2": "^0.1.4"
      }
    },
    "mini-ali-ui": {
      "version": "1.2.1",
      "resolved": "https://registry.npmjs.org/mini-ali-ui/-/mini-ali-ui-1.2.1.tgz",
      "integrity": "sha512-HRwxZyitlsZ7o8KIBJYChydE/aRnDI+YqQeMNHUcFiluYkyXdpsROS9C/EkXf3b3jU97nKSUulLcTosFt6Xlmw==",
      "requires": {
        "@babel/runtime": "^7.11.2"
      }
    },
    "mini-antui": {
      "version": "0.4.35",
      "resolved": "https://registry.npmjs.org/mini-antui/-/mini-antui-0.4.35.tgz",
      "integrity": "sha512-thLRUH418UN0rps+Dnt+iz1W4Ac/v8ZMscH6mgQmhkvvPd1q6vNFRXL2kIfemm9F6bG+WN2Lpik2qB0qqqieew=="
    },
    "mini-html-parser2": {
      "version": "0.1.4",
      "resolved": "https://registry.npmjs.org/mini-html-parser2/-/mini-html-parser2-0.1.4.tgz",
      "integrity": "sha512-Z0pSC6Idpx6hYDVRu0j8LYoXLkOCxq/mcltmTMunqpFCT8ujyzybMjAuGdmDAh//rvE9tu/e4qAbHOjAjzDNAg==",
      "requires": {
        "domhandler": "^2.4.2",
        "entities": "^1.1.1",
        "events": "^3.0.0"
      }
    },
    "regenerator-runtime": {
      "version": "0.13.7",
      "resolved": "https://registry.npmjs.org/regenerator-runtime/-/regenerator-runtime-0.13.7.tgz",
      "integrity": "sha512-a54FxoJDIr27pgf7IgeQGxmqUNYrcV338lf/6gH456HZ/PhX+5BcwHXG9ajESmwe6WRO0tAzRUrRmNONWgkrew=="
    }
  }
}
